
Microsoft Visual Studio Solution File, Format Version 12.00
# Visual Studio Version 16
VisualStudioVersion = 16.0.30320.27
MinimumVisualStudioVersion = 10.0.40219.1
Project("{FAE04EC0-301F-11D3-BF4B-00C04F79EFBC}") = "Code Challenge_Day 24 More Linked Lists", "Code Challenge_Day 24 More Linked Lists\Code Challenge_Day 24 More Linked Lists.csproj", "{61DB92D6-2D0D-440B-B358-D13A5F3AD970}"
EndProject
Global
	GlobalSection(SolutionConfigurationPlatforms) = preSolution
		Debug|Any CPU = Debug|Any CPU
		Release|Any CPU = Release|Any CPU
	EndGlobalSection
	GlobalSection(ProjectConfigurationPlatforms) = postSolution
		{61DB92D6-2D0D-440B-B358-D13A5F3AD970}.Debug|Any CPU.ActiveCfg = Debug|Any CPU
		{61DB92D6-2D0D-440B-B358-D13A5F3AD970}.Debug|Any CPU.Build.0 = Debug|Any CPU
		{61DB92D6-2D0D-440B-B358-D13A5F3AD970}.Release|Any CPU.ActiveCfg = Release|Any CPU
		{61DB92D6-2D0D-440B-B358-D13A5F3AD970}.Release|Any CPU.Build.0 = Release|Any CPU
	EndGlobalSection
	GlobalSection(SolutionProperties) = preSolution
		HideSolutionNode = FALSE
	EndGlobalSection
	GlobalSection(ExtensibilityGlobals) = postSolution
		SolutionGuid = {16561B92-F6E1-4F12-8E86-BDCD2EFE9383}
	EndGlobalSection
EndGlobal
